
Microsoft Visual Studio Solution File, Format Version 12.00
# Visual Studio 15
VisualStudioVersion = 15.0.28307.645
MinimumVisualStudioVersion = 10.0.40219.1
Project("{FAE04EC0-301F-11D3-BF4B-00C04F79EFBC}") = "HelloWorld", "HelloWorld\HelloWorld.csproj", "{9C43FC4B-9AB6-440F-9CC7-2A56018196CE}"
EndProject
Project("{FAE04EC0-301F-11D3-BF4B-00C04F79EFBC}") = "HelloWorld.Client", "HelloWorld.Client\HelloWorld.Client.csproj", "{EBA62EB6-4E84-4FBA-8BF5-9AEB521A5F07}"
EndProject
Global
	GlobalSection(SolutionConfigurationPlatforms) = preSolution
		Debug|Any CPU = Debug|Any CPU
		Release|Any CPU = Release|Any CPU
	EndGlobalSection
	GlobalSection(ProjectConfigurationPlatforms) = postSolution
		{9C43FC4B-9AB6-440F-9CC7-2A56018196CE}.Debug|Any CPU.ActiveCfg = Debug|Any CPU
		{9C43FC4B-9AB6-440F-9CC7-2A56018196CE}.Debug|Any CPU.Build.0 = Debug|Any CPU
		{9C43FC4B-9AB6-440F-9CC7-2A56018196CE}.Release|Any CPU.ActiveCfg = Release|Any CPU
		{9C43FC4B-9AB6-440F-9CC7-2A56018196CE}.Release|Any CPU.Build.0 = Release|Any CPU
		{EBA62EB6-4E84-4FBA-8BF5-9AEB521A5F07}.Debug|Any CPU.ActiveCfg = Debug|Any CPU
		{EBA62EB6-4E84-4FBA-8BF5-9AEB521A5F07}.Debug|Any CPU.Build.0 = Debug|Any CPU
		{EBA62EB6-4E84-4FBA-8BF5-9AEB521A5F07}.Release|Any CPU.ActiveCfg = Release|Any CPU
		{EBA62EB6-4E84-4FBA-8BF5-9AEB521A5F07}.Release|Any CPU.Build.0 = Release|Any CPU
	EndGlobalSection
	GlobalSection(SolutionProperties) = preSolution
		HideSolutionNode = FALSE
	EndGlobalSection
	GlobalSection(ExtensibilityGlobals) = postSolution
		SolutionGuid = {524115CB-0D29-48CF-B30E-C8A613CAE629}
	EndGlobalSection
EndGlobal
